
Microsoft Visual Studio Solution File, Format Version 12.00
# Visual Studio Version 17
VisualStudioVersion = 17.4.33110.190
MinimumVisualStudioVersion = 10.0.40219.1
Project("{FAE04EC0-301F-11D3-BF4B-00C04F79EFBC}") = "CSharpCOMPLETO_Section12", "CSharpCOMPLETO_Section12\CSharpCOMPLETO_Section12.csproj", "{CF24DF6B-CC3D-4B59-B243-FD370A6153AE}"
EndProject
Global
	GlobalSection(SolutionConfigurationPlatforms) = preSolution
		Debug|Any CPU = Debug|Any CPU
		Release|Any CPU = Release|Any CPU
	EndGlobalSection
	GlobalSection(ProjectConfigurationPlatforms) = postSolution
		{CF24DF6B-CC3D-4B59-B243-FD370A6153AE}.Debug|Any CPU.ActiveCfg = Debug|Any CPU
		{CF24DF6B-CC3D-4B59-B243-FD370A6153AE}.Debug|Any CPU.Build.0 = Debug|Any CPU
		{CF24DF6B-CC3D-4B59-B243-FD370A6153AE}.Release|Any CPU.ActiveCfg = Release|Any CPU
		{CF24DF6B-CC3D-4B59-B243-FD370A6153AE}.Release|Any CPU.Build.0 = Release|Any CPU
	EndGlobalSection
	GlobalSection(SolutionProperties) = preSolution
		HideSolutionNode = FALSE
	EndGlobalSection
	GlobalSection(ExtensibilityGlobals) = postSolution
		SolutionGuid = {F8178360-42DC-4DC2-97C2-FF11EC1A2A6E}
	EndGlobalSection
EndGlobal
